// !$*UTF8*$!
{
	archiveVersion = 1;
	classes = {
	};
	objectVersion = 46;
	objects = {

/* Begin PBXBuildFile section */
		9C1B7730193CF67A00977B60 /* Foundation.framework in Frameworks */ = {isa = PBXBuildFile; fileRef = 9C1B772F193CF67A00977B60 /* Foundation.framework */; };
		9C1B7732193CF67A00977B60 /* CoreGraphics.framework in Frameworks */ = {isa = PBXBuildFile; fileRef = 9C1B7731193CF67A00977B60 /* CoreGraphics.framework */; };
		9C1B7734193CF67A00977B60 /* UIKit.framework in Frameworks */ = {isa = PBXBuildFile; fileRef = 9C1B7733193CF67A00977B60 /* UIKit.framework */; };
		9C1B7736193CF67A00977B60 /* SpriteKit.framework in Frameworks */ = {isa = PBXBuildFile; fileRef = 9C1B7735193CF67A00977B60 /* SpriteKit.framework */; };
		9C1B773C193CF67A00977B60 /* InfoPlist.strings in Resources */ = {isa = PBXBuildFile; fileRef = 9C1B773A193CF67A00977B60 /* InfoPlist.strings */; };
		9C1B773E193CF67A00977B60 /* main.m in Sources */ = {isa = PBXBuildFile; fileRef = 9C1B773D193CF67A00977B60 /* main.m */; };
		9C1B7742193CF67A00977B60 /* AppDelegate.m in Sources */ = {isa = PBXBuildFile; fileRef = 9C1B7741193CF67A00977B60 /* AppDelegate.m */; };
		9C1B7745193CF67A00977B60 /* Main.storyboard in Resources */ = {isa = PBXBuildFile; fileRef = 9C1B7743193CF67A00977B60 /* Main.storyboard */; };
		9C1B7748193CF67A00977B60 /* ViewController.m in Sources */ = {isa = PBXBuildFile; fileRef = 9C1B7747193CF67A00977B60 /* ViewController.m */; };
		9C1B774B193CF67A00977B60 /* MyScene.m in Sources */ = {isa = PBXBuildFile; fileRef = 9C1B774A193CF67A00977B60 /* MyScene.m */; };
		9C1B774F193CF67A00977B60 /* Images.xcassets in Resources */ = {isa = PBXBuildFile; fileRef = 9C1B774E193CF67A00977B60 /* Images.xcassets */; };
		9C1B7756193CF67A00977B60 /* XCTest.framework in Frameworks */ = {isa = PBXBuildFile; fileRef = 9C1B7755193CF67A00977B60 /* XCTest.framework */; };
		9C1B7757193CF67A00977B60 /* Foundation.framework in Frameworks */ = {isa = PBXBuildFile; fileRef = 9C1B772F193CF67A00977B60 /* Foundation.framework */; };
		9C1B7758193CF67A00977B60 /* UIKit.framework in Frameworks */ = {isa = PBXBuildFile; fileRef = 9C1B7733193CF67A00977B60 /* UIKit.framework */; };
		9C1B7760193CF67A00977B60 /* InfoPlist.strings in Resources */ = {isa = PBXBuildFile; fileRef = 9C1B775E193CF67A00977B60 /* InfoPlist.strings */; };
		9C1B7762193CF67A00977B60 /* spritKitTutTests.m in Sources */ = {isa = PBXBuildFile; fileRef = 9C1B7761193CF67A00977B60 /* spritKitTutTests.m */; };
		9C9D63E61968C64000EF8C88 /* FontForFlyGuy3.atlas in Resources */ = {isa = PBXBuildFile; fileRef = 9C9D63E41968C64000EF8C88 /* FontForFlyGuy3.atlas */; };
		9C9D63E71968C64000EF8C88 /* FontForFlyGuy3@2x.xml in Resources */ = {isa = PBXBuildFile; fileRef = 9C9D63E51968C64000EF8C88 /* FontForFlyGuy3@2x.xml */; };
		9C9D640D196A3B1C00EF8C88 /* Background.png in Resources */ = {isa = PBXBuildFile; fileRef = 9C9D63F8196A3B1C00EF8C88 /* Background.png */; };
		9C9D640E196A3B1C00EF8C88 /* BackgroundDoc.psd in Resources */ = {isa = PBXBuildFile; fileRef = 9C9D63FA196A3B1C00EF8C88 /* BackgroundDoc.psd */; };
		9C9D6413196A3B1C00EF8C88 /* GameOverBoardDoc.psd in Resources */ = {isa = PBXBuildFile; fileRef = 9C9D63FF196A3B1C00EF8C88 /* GameOverBoardDoc.psd */; };
		9C9D6414196A3B1C00EF8C88 /* groundDoc.psd in Resources */ = {isa = PBXBuildFile; fileRef = 9C9D6400196A3B1C00EF8C88 /* groundDoc.psd */; };
		9C9D6415196A3B1C00EF8C88 /* heartLifeDoc.psd in Resources */ = {isa = PBXBuildFile; fileRef = 9C9D6401196A3B1C00EF8C88 /* heartLifeDoc.psd */; };
		9C9D6416196A3B1C00EF8C88 /* JetPackGuySpriteDoc.psd in Resources */ = {isa = PBXBuildFile; fileRef = 9C9D6402196A3B1C00EF8C88 /* JetPackGuySpriteDoc.psd */; };
		9C9D6417196A3B1C00EF8C88 /* RockSpriteDoc.psd in Resources */ = {isa = PBXBuildFile; fileRef = 9C9D6403196A3B1C00EF8C88 /* RockSpriteDoc.psd */; };
		9C9D6419196A3B1C00EF8C88 /* timesTwoSpriteDoc.psd in Resources */ = {isa = PBXBuildFile; fileRef = 9C9D6405196A3B1C00EF8C88 /* timesTwoSpriteDoc.psd */; };
		9C9D641A196A3B1C00EF8C88 /* GameOverBoard.png in Resources */ = {isa = PBXBuildFile; fileRef = 9C9D6406196A3B1C00EF8C88 /* GameOverBoard.png */; };
		9C9D641B196A3B1C00EF8C88 /* ground.png in Resources */ = {isa = PBXBuildFile; fileRef = 9C9D6407196A3B1C00EF8C88 /* ground.png */; };
		9C9D641C196A3B1C00EF8C88 /* heartLifeSprite.png in Resources */ = {isa = PBXBuildFile; fileRef = 9C9D6408196A3B1C00EF8C88 /* heartLifeSprite.png */; };
		9C9D641D196A3B1C00EF8C88 /* jetPackGuy.png in Resources */ = {isa = PBXBuildFile; fileRef = 9C9D6409196A3B1C00EF8C88 /* jetPackGuy.png */; };
		9C9D641E196A3B1C00EF8C88 /* jetPackGuyFly.png in Resources */ = {isa = PBXBuildFile; fileRef = 9C9D640A196A3B1C00EF8C88 /* jetPackGuyFly.png */; };
		9C9D641F196A3B1C00EF8C88 /* RockSprite.png in Resources */ = {isa = PBXBuildFile; fileRef = 9C9D640B196A3B1C00EF8C88 /* RockSprite.png */; };
		9C9D6420196A3B1C00EF8C88 /* timesTwoSprite.png in Resources */ = {isa = PBXBuildFile; fileRef = 9C9D640C196A3B1C00EF8C88 /* timesTwoSprite.png */; };
		9C9D6426196B66B600EF8C88 /* Twitter.framework in Frameworks */ = {isa = PBXBuildFile; fileRef = 9C9D6425196B66B600EF8C88 /* Twitter.framework */; };
		9CC424471964AFF000F6C79B /* BMGlyphFont.m in Sources */ = {isa = PBXBuildFile; fileRef = 9CC424441964AFF000F6C79B /* BMGlyphFont.m */; };
		9CC424481964AFF000F6C79B /* BMGlyphLabel.m in Sources */ = {isa = PBXBuildFile; fileRef = 9CC424461964AFF000F6C79B /* BMGlyphLabel.m */; };
		9CC424571964EA4300F6C79B /* FontForFlyGuy.atlas in Resources */ = {isa = PBXBuildFile; fileRef = 9CC424551964EA4300F6C79B /* FontForFlyGuy.atlas */; };
		9CC424581964EA4300F6C79B /* FontForFlyGuy@2x.xml in Resources */ = {isa = PBXBuildFile; fileRef = 9CC424561964EA4300F6C79B /* FontForFlyGuy@2x.xml */; };
		9CC4245B1964EB1500F6C79B /* FontForFlyGuy2.atlas in Resources */ = {isa = PBXBuildFile; fileRef = 9CC424591964EB1500F6C79B /* FontForFlyGuy2.atlas */; };
		9CC4245C1964EB1500F6C79B /* FontForFlyGuy2@2x.xml in Resources */ = {isa = PBXBuildFile; fileRef = 9CC4245A1964EB1500F6C79B /* FontForFlyGuy2@2x.xml */; };
		9CC4245E1966067300F6C79B /* iAd.framework in Frameworks */ = {isa = PBXBuildFile; fileRef = 9CC4245D1966067300F6C79B /* iAd.framework */; };
		9CD22C6B196DC8A4006EBF99 /* shareButton.png in Resources */ = {isa = PBXBuildFile; fileRef = 9CD22C6A196DC8A4006EBF99 /* shareButton.png */; };
		9CD22C6D196E2DF5006EBF99 /* MessageUI.framework in Frameworks */ = {isa = PBXBuildFile; fileRef = 9CD22C6C196E2DF5006EBF99 /* MessageUI.framework */; };
/* End PBXBuildFile section */

/* Begin PBXContainerItemProxy section */
		9C1B7759193CF67A00977B60 /* PBXContainerItemProxy */ = {
			isa = PBXContainerItemProxy;
			containerPortal = 9C1B7724193CF67A00977B60 /* Project object */;
			proxyType = 1;
			remoteGlobalIDString = 9C1B772B193CF67A00977B60;
			remoteInfo = spritKitTut;
		};
/* End PBXContainerItemProxy section */

/* Begin PBXFileReference section */
		9C1B772C193CF67A00977B60 /* spritKitTut.app */ = {isa = PBXFileReference; explicitFileType = wrapper.application; includeInIndex = 0; path = spritKitTut.app; sourceTree = BUILT_PRODUCTS_DIR; };
		9C1B772F193CF67A00977B60 /* Foundation.framework */ = {isa = PBXFileReference; lastKnownFileType = wrapper.framework; name = Foundation.framework; path = System/Library/Frameworks/Foundation.framework; sourceTree = SDKROOT; };
		9C1B7731193CF67A00977B60 /* CoreGraphics.framework */ = {isa = PBXFileReference; lastKnownFileType = wrapper.framework; name = CoreGraphics.framework; path = System/Library/Frameworks/CoreGraphics.framework; sourceTree = SDKROOT; };
		9C1B7733193CF67A00977B60 /* UIKit.framework */ = {isa = PBXFileReference; lastKnownFileType = wrapper.framework; name = UIKit.framework; path = System/Library/Frameworks/UIKit.framework; sourceTree = SDKROOT; };
		9C1B7735193CF67A00977B60 /* SpriteKit.framework */ = {isa = PBXFileReference; lastKnownFileType = wrapper.framework; name = SpriteKit.framework; path = System/Library/Frameworks/SpriteKit.framework; sourceTree = SDKROOT; };
		9C1B7739193CF67A00977B60 /* spritKitTut-Info.plist */ = {isa = PBXFileReference; lastKnownFileType = text.plist.xml; path = "spritKitTut-Info.plist"; sourceTree = "<group>"; };
		9C1B773B193CF67A00977B60 /* en */ = {isa = PBXFileReference; lastKnownFileType = text.plist.strings; name = en; path = en.lproj/InfoPlist.strings; sourceTree = "<group>"; };
		9C1B773D193CF67A00977B60 /* main.m */ = {isa = PBXFileReference; lastKnownFileType = sourcecode.c.objc; path = main.m; sourceTree = "<group>"; };
		9C1B773F193CF67A00977B60 /* spritKitTut-Prefix.pch */ = {isa = PBXFileReference; lastKnownFileType = sourcecode.c.h; path = "spritKitTut-Prefix.pch"; sourceTree = "<group>"; };
		9C1B7740193CF67A00977B60 /* AppDelegate.h */ = {isa = PBXFileReference; lastKnownFileType = sourcecode.c.h; path = AppDelegate.h; sourceTree = "<group>"; };
		9C1B7741193CF67A00977B60 /* AppDelegate.m */ = {isa = PBXFileReference; lastKnownFileType = sourcecode.c.objc; path = AppDelegate.m; sourceTree = "<group>"; };
		9C1B7744193CF67A00977B60 /* Base */ = {isa = PBXFileReference; lastKnownFileType = file.storyboard; name = Base; path = Base.lproj/Main.storyboard; sourceTree = "<group>"; };
		9C1B7746193CF67A00977B60 /* ViewController.h */ = {isa = PBXFileReference; lastKnownFileType = sourcecode.c.h; path = ViewController.h; sourceTree = "<group>"; };
		9C1B7747193CF67A00977B60 /* ViewController.m */ = {isa = PBXFileReference; lastKnownFileType = sourcecode.c.objc; path = ViewController.m; sourceTree = "<group>"; };
		9C1B7749193CF67A00977B60 /* MyScene.h */ = {isa = PBXFileReference; lastKnownFileType = sourcecode.c.h; path = MyScene.h; sourceTree = "<group>"; };
		9C1B774A193CF67A00977B60 /* MyScene.m */ = {isa = PBXFileReference; lastKnownFileType = sourcecode.c.objc; path = MyScene.m; sourceTree = "<group>"; };
		9C1B774E193CF67A00977B60 /* Images.xcassets */ = {isa = PBXFileReference; lastKnownFileType = folder.assetcatalog; path = Images.xcassets; sourceTree = "<group>"; };
		9C1B7754193CF67A00977B60 /* spritKitTutTests.xctest */ = {isa = PBXFileReference; explicitFileType = wrapper.cfbundle; includeInIndex = 0; path = spritKitTutTests.xctest; sourceTree = BUILT_PRODUCTS_DIR; };
		9C1B7755193CF67A00977B60 /* XCTest.framework */ = {isa = PBXFileReference; lastKnownFileType = wrapper.framework; name = XCTest.framework; path = Library/Frameworks/XCTest.framework; sourceTree = DEVELOPER_DIR; };
		9C1B775D193CF67A00977B60 /* spritKitTutTests-Info.plist */ = {isa = PBXFileReference; lastKnownFileType = text.plist.xml; path = "spritKitTutTests-Info.plist"; sourceTree = "<group>"; };
		9C1B775F193CF67A00977B60 /* en */ = {isa = PBXFileReference; lastKnownFileType = text.plist.strings; name = en; path = en.lproj/InfoPlist.strings; sourceTree = "<group>"; };
		9C1B7761193CF67A00977B60 /* spritKitTutTests.m */ = {isa = PBXFileReference; lastKnownFileType = sourcecode.c.objc; path = spritKitTutTests.m; sourceTree = "<group>"; };
		9C9D63E41968C64000EF8C88 /* FontForFlyGuy3.atlas */ = {isa = PBXFileReference; lastKnownFileType = folder.skatlas; path = FontForFlyGuy3.atlas; sourceTree = "<group>"; };
		9C9D63E51968C64000EF8C88 /* FontForFlyGuy3@2x.xml */ = {isa = PBXFileReference; fileEncoding = 4; lastKnownFileType = text.xml; path = "FontForFlyGuy3@2x.xml"; sourceTree = "<group>"; };
		9C9D63F8196A3B1C00EF8C88 /* Background.png */ = {isa = PBXFileReference; lastKnownFileType = image.png; path = Background.png; sourceTree = "<group>"; };
		9C9D63FA196A3B1C00EF8C88 /* BackgroundDoc.psd */ = {isa = PBXFileReference; lastKnownFileType = file; path = BackgroundDoc.psd; sourceTree = "<group>"; };
		9C9D63FF196A3B1C00EF8C88 /* GameOverBoardDoc.psd */ = {isa = PBXFileReference; lastKnownFileType = file; path = GameOverBoardDoc.psd; sourceTree = "<group>"; };
		9C9D6400196A3B1C00EF8C88 /* groundDoc.psd */ = {isa = PBXFileReference; lastKnownFileType = file; path = groundDoc.psd; sourceTree = "<group>"; };
		9C9D6401196A3B1C00EF8C88 /* heartLifeDoc.psd */ = {isa = PBXFileReference; lastKnownFileType = file; path = heartLifeDoc.psd; sourceTree = "<group>"; };
		9C9D6402196A3B1C00EF8C88 /* JetPackGuySpriteDoc.psd */ = {isa = PBXFileReference; lastKnownFileType = file; path = JetPackGuySpriteDoc.psd; sourceTree = "<group>"; };
		9C9D6403196A3B1C00EF8C88 /* RockSpriteDoc.psd */ = {isa = PBXFileReference; lastKnownFileType = file; path = RockSpriteDoc.psd; sourceTree = "<group>"; };
		9C9D6405196A3B1C00EF8C88 /* timesTwoSpriteDoc.psd */ = {isa = PBXFileReference; lastKnownFileType = file; path = timesTwoSpriteDoc.psd; sourceTree = "<group>"; };
		9C9D6406196A3B1C00EF8C88 /* GameOverBoard.png */ = {isa = PBXFileReference; lastKnownFileType = image.png; path = GameOverBoard.png; sourceTree = "<group>"; };
		9C9D6407196A3B1C00EF8C88 /* ground.png */ = {isa = PBXFileReference; lastKnownFileType = image.png; path = ground.png; sourceTree = "<group>"; };
		9C9D6408196A3B1C00EF8C88 /* heartLifeSprite.png */ = {isa = PBXFileReference; lastKnownFileType = image.png; path = heartLifeSprite.png; sourceTree = "<group>"; };
		9C9D6409196A3B1C00EF8C88 /* jetPackGuy.png */ = {isa = PBXFileReference; lastKnownFileType = image.png; path = jetPackGuy.png; sourceTree = "<group>"; };
		9C9D640A196A3B1C00EF8C88 /* jetPackGuyFly.png */ = {isa = PBXFileReference; lastKnownFileType = image.png; path = jetPackGuyFly.png; sourceTree = "<group>"; };
		9C9D640B196A3B1C00EF8C88 /* RockSprite.png */ = {isa = PBXFileReference; lastKnownFileType = image.png; path = RockSprite.png; sourceTree = "<group>"; };
		9C9D640C196A3B1C00EF8C88 /* timesTwoSprite.png */ = {isa = PBXFileReference; lastKnownFileType = image.png; path = timesTwoSprite.png; sourceTree = "<group>"; };
		9C9D6425196B66B600EF8C88 /* Twitter.framework */ = {isa = PBXFileReference; lastKnownFileType = wrapper.framework; name = Twitter.framework; path = System/Library/Frameworks/Twitter.framework; sourceTree = SDKROOT; };
		9CC424431964AFF000F6C79B /* BMGlyphFont.h */ = {isa = PBXFileReference; fileEncoding = 4; lastKnownFileType = sourcecode.c.h; path = BMGlyphFont.h; sourceTree = "<group>"; };
		9CC424441964AFF000F6C79B /* BMGlyphFont.m */ = {isa = PBXFileReference; fileEncoding = 4; lastKnownFileType = sourcecode.c.objc; path = BMGlyphFont.m; sourceTree = "<group>"; };
		9CC424451964AFF000F6C79B /* BMGlyphLabel.h */ = {isa = PBXFileReference; fileEncoding = 4; lastKnownFileType = sourcecode.c.h; path = BMGlyphLabel.h; sourceTree = "<group>"; };
		9CC424461964AFF000F6C79B /* BMGlyphLabel.m */ = {isa = PBXFileReference; fileEncoding = 4; lastKnownFileType = sourcecode.c.objc; path = BMGlyphLabel.m; sourceTree = "<group>"; };
		9CC424551964EA4300F6C79B /* FontForFlyGuy.atlas */ = {isa = PBXFileReference; lastKnownFileType = folder.skatlas; path = FontForFlyGuy.atlas; sourceTree = "<group>"; };
		9CC424561964EA4300F6C79B /* FontForFlyGuy@2x.xml */ = {isa = PBXFileReference; fileEncoding = 4; lastKnownFileType = text.xml; path = "FontForFlyGuy@2x.xml"; sourceTree = "<group>"; };
		9CC424591964EB1500F6C79B /* FontForFlyGuy2.atlas */ = {isa = PBXFileReference; lastKnownFileType = folder.skatlas; path = FontForFlyGuy2.atlas; sourceTree = "<group>"; };
		9CC4245A1964EB1500F6C79B /* FontForFlyGuy2@2x.xml */ = {isa = PBXFileReference; fileEncoding = 4; lastKnownFileType = text.xml; path = "FontForFlyGuy2@2x.xml"; sourceTree = "<group>"; };
		9CC4245D1966067300F6C79B /* iAd.framework */ = {isa = PBXFileReference; lastKnownFileType = wrapper.framework; name = iAd.framework; path = System/Library/Frameworks/iAd.framework; sourceTree = SDKROOT; };
		9CD22C6A196DC8A4006EBF99 /* shareButton.png */ = {isa = PBXFileReference; lastKnownFileType = image.png; path = shareButton.png; sourceTree = "<group>"; };
		9CD22C6C196E2DF5006EBF99 /* MessageUI.framework */ = {isa = PBXFileReference; lastKnownFileType = wrapper.framework; name = MessageUI.framework; path = System/Library/Frameworks/MessageUI.framework; sourceTree = SDKROOT; };
/* End PBXFileReference section */

/* Begin PBXFrameworksBuildPhase section */
		9C1B7729193CF67A00977B60 /* Frameworks */ = {
			isa = PBXFrameworksBuildPhase;
			buildActionMask = 2147483647;
			files = (
				9CD22C6D196E2DF5006EBF99 /* MessageUI.framework in Frameworks */,
				9C9D6426196B66B600EF8C88 /* Twitter.framework in Frameworks */,
				9CC4245E1966067300F6C79B /* iAd.framework in Frameworks */,
				9C1B7732193CF67A00977B60 /* CoreGraphics.framework in Frameworks */,
				9C1B7734193CF67A00977B60 /* UIKit.framework in Frameworks */,
				9C1B7736193CF67A00977B60 /* SpriteKit.framework in Frameworks */,
				9C1B7730193CF67A00977B60 /* Foundation.framework in Frameworks */,
			);
			runOnlyForDeploymentPostprocessing = 0;
		};
		9C1B7751193CF67A00977B60 /* Frameworks */ = {
			isa = PBXFrameworksBuildPhase;
			buildActionMask = 2147483647;
			files = (
				9C1B7756193CF67A00977B60 /* XCTest.framework in Frameworks */,
				9C1B7758193CF67A00977B60 /* UIKit.framework in Frameworks */,
				9C1B7757193CF67A00977B60 /* Foundation.framework in Frameworks */,
			);
			runOnlyForDeploymentPostprocessing = 0;
		};
/* End PBXFrameworksBuildPhase section */

/* Begin PBXGroup section */
		9C1B7723193CF67A00977B60 = {
			isa = PBXGroup;
			children = (
				9C1B7737193CF67A00977B60 /* spritKitTut */,
				9C9D63F7196A3B1C00EF8C88 /* Images */,
				9CC4243E1964AF7200F6C79B /* KeyDocs */,
				9C1B775B193CF67A00977B60 /* spritKitTutTests */,
				9C1B772E193CF67A00977B60 /* Frameworks */,
				9C1B772D193CF67A00977B60 /* Products */,
			);
			sourceTree = "<group>";
		};
		9C1B772D193CF67A00977B60 /* Products */ = {
			isa = PBXGroup;
			children = (
				9C1B772C193CF67A00977B60 /* spritKitTut.app */,
				9C1B7754193CF67A00977B60 /* spritKitTutTests.xctest */,
			);
			name = Products;
			sourceTree = "<group>";
		};
		9C1B772E193CF67A00977B60 /* Frameworks */ = {
			isa = PBXGroup;
			children = (
				9CD22C6C196E2DF5006EBF99 /* MessageUI.framework */,
				9C9D6425196B66B600EF8C88 /* Twitter.framework */,
				9CC4245D1966067300F6C79B /* iAd.framework */,
				9C1B772F193CF67A00977B60 /* Foundation.framework */,
				9C1B7731193CF67A00977B60 /* CoreGraphics.framework */,
				9C1B7733193CF67A00977B60 /* UIKit.framework */,
				9C1B7735193CF67A00977B60 /* SpriteKit.framework */,
				9C1B7755193CF67A00977B60 /* XCTest.framework */,
			);
			name = Frameworks;
			sourceTree = "<group>";
		};
		9C1B7737193CF67A00977B60 /* spritKitTut */ = {
			isa = PBXGroup;
			children = (
				9C1B7740193CF67A00977B60 /* AppDelegate.h */,
				9C1B7741193CF67A00977B60 /* AppDelegate.m */,
				9C1B7743193CF67A00977B60 /* Main.storyboard */,
				9C1B7746193CF67A00977B60 /* ViewController.h */,
				9C1B7747193CF67A00977B60 /* ViewController.m */,
				9C1B7749193CF67A00977B60 /* MyScene.h */,
				9C1B774A193CF67A00977B60 /* MyScene.m */,
				9CC424431964AFF000F6C79B /* BMGlyphFont.h */,
				9CC424441964AFF000F6C79B /* BMGlyphFont.m */,
				9CC424451964AFF000F6C79B /* BMGlyphLabel.h */,
				9CC424461964AFF000F6C79B /* BMGlyphLabel.m */,
				9C1B774E193CF67A00977B60 /* Images.xcassets */,
				9C1B7738193CF67A00977B60 /* Supporting Files */,
			);
			path = spritKitTut;
			sourceTree = "<group>";
		};
		9C1B7738193CF67A00977B60 /* Supporting Files */ = {
			isa = PBXGroup;
			children = (
				9C1B7739193CF67A00977B60 /* spritKitTut-Info.plist */,
				9C1B773A193CF67A00977B60 /* InfoPlist.strings */,
				9C1B773D193CF67A00977B60 /* main.m */,
				9C1B773F193CF67A00977B60 /* spritKitTut-Prefix.pch */,
			);
			name = "Supporting Files";
			sourceTree = "<group>";
		};
		9C1B775B193CF67A00977B60 /* spritKitTutTests */ = {
			isa = PBXGroup;
			children = (
				9C1B7761193CF67A00977B60 /* spritKitTutTests.m */,
				9C1B775C193CF67A00977B60 /* Supporting Files */,
			);
			path = spritKitTutTests;
			sourceTree = "<group>";
		};
		9C1B775C193CF67A00977B60 /* Supporting Files */ = {
			isa = PBXGroup;
			children = (
				9C1B775D193CF67A00977B60 /* spritKitTutTests-Info.plist */,
				9C1B775E193CF67A00977B60 /* InfoPlist.strings */,
			);
			name = "Supporting Files";
			sourceTree = "<group>";
		};
		9C9D63F7196A3B1C00EF8C88 /* Images */ = {
			isa = PBXGroup;
			children = (
				9C9D63F9196A3B1C00EF8C88 /* Documents */,
				9C9D63F8196A3B1C00EF8C88 /* Background.png */,
				9C9D6406196A3B1C00EF8C88 /* GameOverBoard.png */,
				9C9D6407196A3B1C00EF8C88 /* ground.png */,
				9C9D6408196A3B1C00EF8C88 /* heartLifeSprite.png */,
				9C9D6409196A3B1C00EF8C88 /* jetPackGuy.png */,
				9C9D640A196A3B1C00EF8C88 /* jetPackGuyFly.png */,
				9C9D640B196A3B1C00EF8C88 /* RockSprite.png */,
				9C9D640C196A3B1C00EF8C88 /* timesTwoSprite.png */,
				9CD22C6A196DC8A4006EBF99 /* shareButton.png */,
			);
			path = Images;
			sourceTree = "<group>";
		};
		9C9D63F9196A3B1C00EF8C88 /* Documents */ = {
			isa = PBXGroup;
			children = (
				9C9D63FA196A3B1C00EF8C88 /* BackgroundDoc.psd */,
				9C9D63FF196A3B1C00EF8C88 /* GameOverBoardDoc.psd */,
				9C9D6400196A3B1C00EF8C88 /* groundDoc.psd */,
				9C9D6401196A3B1C00EF8C88 /* heartLifeDoc.psd */,
				9C9D6402196A3B1C00EF8C88 /* JetPackGuySpriteDoc.psd */,
				9C9D6403196A3B1C00EF8C88 /* RockSpriteDoc.psd */,
				9C9D6405196A3B1C00EF8C88 /* timesTwoSpriteDoc.psd */,
			);
			path = Documents;
			sourceTree = "<group>";
		};
		9CC4243E1964AF7200F6C79B /* KeyDocs */ = {
			isa = PBXGroup;
			children = (
				9CC424551964EA4300F6C79B /* FontForFlyGuy.atlas */,
				9CC424561964EA4300F6C79B /* FontForFlyGuy@2x.xml */,
				9CC424591964EB1500F6C79B /* FontForFlyGuy2.atlas */,
				9CC4245A1964EB1500F6C79B /* FontForFlyGuy2@2x.xml */,
				9C9D63E41968C64000EF8C88 /* FontForFlyGuy3.atlas */,
				9C9D63E51968C64000EF8C88 /* FontForFlyGuy3@2x.xml */,
			);
			path = KeyDocs;
			sourceTree = "<group>";
		};
/* End PBXGroup section */

/* Begin PBXNativeTarget section */
		9C1B772B193CF67A00977B60 /* spritKitTut */ = {
			isa = PBXNativeTarget;
			buildConfigurationList = 9C1B7765193CF67A00977B60 /* Build configuration list for PBXNativeTarget "spritKitTut" */;
			buildPhases = (
				9C1B7728193CF67A00977B60 /* Sources */,
				9C1B7729193CF67A00977B60 /* Frameworks */,
				9C1B772A193CF67A00977B60 /* Resources */,
			);
			buildRules = (
			);
			dependencies = (
			);
			name = spritKitTut;
			productName = spritKitTut;
			productReference = 9C1B772C193CF67A00977B60 /* spritKitTut.app */;
			productType = "com.apple.product-type.application";
		};
		9C1B7753193CF67A00977B60 /* spritKitTutTests */ = {
			isa = PBXNativeTarget;
			buildConfigurationList = 9C1B7768193CF67A00977B60 /* Build configuration list for PBXNativeTarget "spritKitTutTests" */;
			buildPhases = (
				9C1B7750193CF67A00977B60 /* Sources */,
				9C1B7751193CF67A00977B60 /* Frameworks */,
				9C1B7752193CF67A00977B60 /* Resources */,
			);
			buildRules = (
			);
			dependencies = (
				9C1B775A193CF67A00977B60 /* PBXTargetDependency */,
			);
			name = spritKitTutTests;
			productName = spritKitTutTests;
			productReference = 9C1B7754193CF67A00977B60 /* spritKitTutTests.xctest */;
			productType = "com.apple.product-type.bundle.unit-test";
		};
/* End PBXNativeTarget section */

/* Begin PBXProject section */
		9C1B7724193CF67A00977B60 /* Project object */ = {
			isa = PBXProject;
			attributes = {
				LastUpgradeCheck = 0510;
				ORGANIZATIONNAME = 15and50;
				TargetAttributes = {
					9C1B772B193CF67A00977B60 = {
						DevelopmentTeam = 7A3KSATNU7;
					};
					9C1B7753193CF67A00977B60 = {
						TestTargetID = 9C1B772B193CF67A00977B60;
					};
				};
			};
			buildConfigurationList = 9C1B7727193CF67A00977B60 /* Build configuration list for PBXProject "spritKitTut" */;
			compatibilityVersion = "Xcode 3.2";
			developmentRegion = English;
			hasScannedForEncodings = 0;
			knownRegions = (
				en,
				Base,
			);
			mainGroup = 9C1B7723193CF67A00977B60;
			productRefGroup = 9C1B772D193CF67A00977B60 /* Products */;
			projectDirPath = "";
			projectRoot = "";
			targets = (
				9C1B772B193CF67A00977B60 /* spritKitTut */,
				9C1B7753193CF67A00977B60 /* spritKitTutTests */,
			);
		};
/* End PBXProject section */

/* Begin PBXResourcesBuildPhase section */
		9C1B772A193CF67A00977B60 /* Resources */ = {
			isa = PBXResourcesBuildPhase;
			buildActionMask = 2147483647;
			files = (
				9C9D640E196A3B1C00EF8C88 /* BackgroundDoc.psd in Resources */,
				9C9D641C196A3B1C00EF8C88 /* heartLifeSprite.png in Resources */,
				9C9D6415196A3B1C00EF8C88 /* heartLifeDoc.psd in Resources */,
				9C9D6416196A3B1C00EF8C88 /* JetPackGuySpriteDoc.psd in Resources */,
				9C9D641D196A3B1C00EF8C88 /* jetPackGuy.png in Resources */,
				9CC4245C1964EB1500F6C79B /* FontForFlyGuy2@2x.xml in Resources */,
				9C9D6419196A3B1C00EF8C88 /* timesTwoSpriteDoc.psd in Resources */,
				9CC424571964EA4300F6C79B /* FontForFlyGuy.atlas in Resources */,
				9C9D641B196A3B1C00EF8C88 /* ground.png in Resources */,
				9C1B773C193CF67A00977B60 /* InfoPlist.strings in Resources */,
				9C9D6420196A3B1C00EF8C88 /* timesTwoSprite.png in Resources */,
				9C1B774F193CF67A00977B60 /* Images.xcassets in Resources */,
				9C9D641F196A3B1C00EF8C88 /* RockSprite.png in Resources */,
				9C9D6414196A3B1C00EF8C88 /* groundDoc.psd in Resources */,
				9CC4245B1964EB1500F6C79B /* FontForFlyGuy2.atlas in Resources */,
				9C9D641E196A3B1C00EF8C88 /* jetPackGuyFly.png in Resources */,
				9C1B7745193CF67A00977B60 /* Main.storyboard in Resources */,
				9CC424581964EA4300F6C79B /* FontForFlyGuy@2x.xml in Resources */,
				9C9D63E61968C64000EF8C88 /* FontForFlyGuy3.atlas in Resources */,
				9CD22C6B196DC8A4006EBF99 /* shareButton.png in Resources */,
				9C9D641A196A3B1C00EF8C88 /* GameOverBoard.png in Resources */,
				9C9D640D196A3B1C00EF8C88 /* Background.png in Resources */,
				9C9D6413196A3B1C00EF8C88 /* GameOverBoardDoc.psd in Resources */,
				9C9D6417196A3B1C00EF8C88 /* RockSpriteDoc.psd in Resources */,
				9C9D63E71968C64000EF8C88 /* FontForFlyGuy3@2x.xml in Resources */,
			);
			runOnlyForDeploymentPostprocessing = 0;
		};
		9C1B7752193CF67A00977B60 /* Resources */ = {
			isa = PBXResourcesBuildPhase;
			buildActionMask = 2147483647;
			files = (
				9C1B7760193CF67A00977B60 /* InfoPlist.strings in Resources */,
			);
			runOnlyForDeploymentPostprocessing = 0;
		};
/* End PBXResourcesBuildPhase section */

/* Begin PBXSourcesBuildPhase section */
		9C1B7728193CF67A00977B60 /* Sources */ = {
			isa = PBXSourcesBuildPhase;
			buildActionMask = 2147483647;
			files = (
				9C1B774B193CF67A00977B60 /* MyScene.m in Sources */,
				9C1B7748193CF67A00977B60 /* ViewController.m in Sources */,
				9CC424481964AFF000F6C79B /* BMGlyphLabel.m in Sources */,
				9C1B7742193CF67A00977B60 /* AppDelegate.m in Sources */,
				9CC424471964AFF000F6C79B /* BMGlyphFont.m in Sources */,
				9C1B773E193CF67A00977B60 /* main.m in Sources */,
			);
			runOnlyForDeploymentPostprocessing = 0;
		};
		9C1B7750193CF67A00977B60 /* Sources */ = {
			isa = PBXSourcesBuildPhase;
			buildActionMask = 2147483647;
			files = (
				9C1B7762193CF67A00977B60 /* spritKitTutTests.m in Sources */,
			);
			runOnlyForDeploymentPostprocessing = 0;
		};
/* End PBXSourcesBuildPhase section */

/* Begin PBXTargetDependency section */
		9C1B775A193CF67A00977B60 /* PBXTargetDependency */ = {
			isa = PBXTargetDependency;
			target = 9C1B772B193CF67A00977B60 /* spritKitTut */;
			targetProxy = 9C1B7759193CF67A00977B60 /* PBXContainerItemProxy */;
		};
/* End PBXTargetDependency section */

/* Begin PBXVariantGroup section */
		9C1B773A193CF67A00977B60 /* InfoPlist.strings */ = {
			isa = PBXVariantGroup;
			children = (
				9C1B773B193CF67A00977B60 /* en */,
			);
			name = InfoPlist.strings;
			sourceTree = "<group>";
		};
		9C1B7743193CF67A00977B60 /* Main.storyboard */ = {
			isa = PBXVariantGroup;
			children = (
				9C1B7744193CF67A00977B60 /* Base */,
			);
			name = Main.storyboard;
			sourceTree = "<group>";
		};
		9C1B775E193CF67A00977B60 /* InfoPlist.strings */ = {
			isa = PBXVariantGroup;
			children = (
				9C1B775F193CF67A00977B60 /* en */,
			);
			name = InfoPlist.strings;
			sourceTree = "<group>";
		};
/* End PBXVariantGroup section */

/* Begin XCBuildConfiguration section */
		9C1B7763193CF67A00977B60 /* Debug */ = {
			isa = XCBuildConfiguration;
			buildSettings = {
				ALWAYS_SEARCH_USER_PATHS = NO;
				CLANG_CXX_LANGUAGE_STANDARD = "gnu++0x";
				CLANG_CXX_LIBRARY = "libc++";
				CLANG_ENABLE_MODULES = YES;
				CLANG_ENABLE_OBJC_ARC = YES;
				CLANG_WARN_BOOL_CONVERSION = YES;
				CLANG_WARN_CONSTANT_CONVERSION = YES;
				CLANG_WARN_DIRECT_OBJC_ISA_USAGE = YES_ERROR;
				CLANG_WARN_EMPTY_BODY = YES;
				CLANG_WARN_ENUM_CONVERSION = YES;
				CLANG_WARN_INT_CONVERSION = YES;
				CLANG_WARN_OBJC_ROOT_CLASS = YES_ERROR;
				CLANG_WARN__DUPLICATE_METHOD_MATCH = YES;
				"CODE_SIGN_IDENTITY[sdk=iphoneos*]" = "iPhone Developer";
				COPY_PHASE_STRIP = NO;
				GCC_C_LANGUAGE_STANDARD = gnu99;
				GCC_DYNAMIC_NO_PIC = NO;
				GCC_OPTIMIZATION_LEVEL = 0;
				GCC_PREPROCESSOR_DEFINITIONS = (
					"DEBUG=1",
					"$(inherited)",
				);
				GCC_SYMBOLS_PRIVATE_EXTERN = NO;
				GCC_WARN_64_TO_32_BIT_CONVERSION = YES;
				GCC_WARN_ABOUT_RETURN_TYPE = YES_ERROR;
				GCC_WARN_UNDECLARED_SELECTOR = YES;
				GCC_WARN_UNINITIALIZED_AUTOS = YES_AGGRESSIVE;
				GCC_WARN_UNUSED_FUNCTION = YES;
				GCC_WARN_UNUSED_VARIABLE = YES;
				IPHONEOS_DEPLOYMENT_TARGET = 7.1;
				ONLY_ACTIVE_ARCH = YES;
				SDKROOT = iphoneos;
			};
			name = Debug;
		};
		9C1B7764193CF67A00977B60 /* Release */ = {
			isa = XCBuildConfiguration;
			buildSettings = {
				ALWAYS_SEARCH_USER_PATHS = NO;
				CLANG_CXX_LANGUAGE_STANDARD = "gnu++0x";
				CLANG_CXX_LIBRARY = "libc++";
				CLANG_ENABLE_MODULES = YES;
				CLANG_ENABLE_OBJC_ARC = YES;
				CLANG_WARN_BOOL_CONVERSION = YES;
				CLANG_WARN_CONSTANT_CONVERSION = YES;
				CLANG_WARN_DIRECT_OBJC_ISA_USAGE = YES_ERROR;
				CLANG_WARN_EMPTY_BODY = YES;
				CLANG_WARN_ENUM_CONVERSION = YES;
				CLANG_WARN_INT_CONVERSION = YES;
				CLANG_WARN_OBJC_ROOT_CLASS = YES_ERROR;
				CLANG_WARN__DUPLICATE_METHOD_MATCH = YES;
				"CODE_SIGN_IDENTITY[sdk=iphoneos*]" = "iPhone Developer";
				COPY_PHASE_STRIP = YES;
				ENABLE_NS_ASSERTIONS = NO;
				GCC_C_LANGUAGE_STANDARD = gnu99;
				GCC_WARN_64_TO_32_BIT_CONVERSION = YES;
				GCC_WARN_ABOUT_RETURN_TYPE = YES_ERROR;
				GCC_WARN_UNDECLARED_SELECTOR = YES;
				GCC_WARN_UNINITIALIZED_AUTOS = YES_AGGRESSIVE;
				GCC_WARN_UNUSED_FUNCTION = YES;
				GCC_WARN_UNUSED_VARIABLE = YES;
				IPHONEOS_DEPLOYMENT_TARGET = 7.1;
				SDKROOT = iphoneos;
				VALIDATE_PRODUCT = YES;
			};
			name = Release;
		};
		9C1B7766193CF67A00977B60 /* Debug */ = {
			isa = XCBuildConfiguration;
			buildSettings = {
				ASSETCATALOG_COMPILER_APPICON_NAME = AppIcon;
				ASSETCATALOG_COMPILER_LAUNCHIMAGE_NAME = LaunchImage;
				CODE_SIGN_IDENTITY = "iPhone Developer";
				GCC_PRECOMPILE_PREFIX_HEADER = YES;
				GCC_PREFIX_HEADER = "spritKitTut/spritKitTut-Prefix.pch";
				INFOPLIST_FILE = "spritKitTut/spritKitTut-Info.plist";
				IPHONEOS_DEPLOYMENT_TARGET = 8.0;
				PRODUCT_BUNDLE_IDENTIFIER = com.media.flyboy.100;
				PRODUCT_NAME = "$(TARGET_NAME)";
				SPRITEKIT_TEXTURE_ATLAS_OUTPUT = YES;
				WRAPPER_EXTENSION = app;
			};
			name = Debug;
		};
		9C1B7767193CF67A00977B60 /* Release */ = {
			isa = XCBuildConfiguration;
			buildSettings = {
				ASSETCATALOG_COMPILER_APPICON_NAME = AppIcon;
				ASSETCATALOG_COMPILER_LAUNCHIMAGE_NAME = LaunchImage;
				CODE_SIGN_IDENTITY = "iPhone Developer";
				GCC_PRECOMPILE_PREFIX_HEADER = YES;
				GCC_PREFIX_HEADER = "spritKitTut/spritKitTut-Prefix.pch";
				INFOPLIST_FILE = "spritKitTut/spritKitTut-Info.plist";
				IPHONEOS_DEPLOYMENT_TARGET = 8.0;
				PRODUCT_BUNDLE_IDENTIFIER = com.media.flyboy.100;
				PRODUCT_NAME = "$(TARGET_NAME)";
				SPRITEKIT_TEXTURE_ATLAS_OUTPUT = YES;
				WRAPPER_EXTENSION = app;
			};
			name = Release;
		};
		9C1B7769193CF67A00977B60 /* Debug */ = {
			isa = XCBuildConfiguration;
			buildSettings = {
				BUNDLE_LOADER = "$(BUILT_PRODUCTS_DIR)/spritKitTut.app/spritKitTut";
				FRAMEWORK_SEARCH_PATHS = (
					"$(SDKROOT)/Developer/Library/Frameworks",
					"$(inherited)",
					"$(DEVELOPER_FRAMEWORKS_DIR)",
				);
				GCC_PRECOMPILE_PREFIX_HEADER = YES;
				GCC_PREFIX_HEADER = "spritKitTut/spritKitTut-Prefix.pch";
				GCC_PREPROCESSOR_DEFINITIONS = (
					"DEBUG=1",
					"$(inherited)",
				);
				INFOPLIST_FILE = "spritKitTutTests/spritKitTutTests-Info.plist";
				IPHONEOS_DEPLOYMENT_TARGET = 6.1;
				PRODUCT_NAME = "$(TARGET_NAME)";
				TEST_HOST = "$(BUNDLE_LOADER)";
				WRAPPER_EXTENSION = xctest;
			};
			name = Debug;
		};
		9C1B776A193CF67A00977B60 /* Release */ = {
			isa = XCBuildConfiguration;
			buildSettings = {
				BUNDLE_LOADER = "$(BUILT_PRODUCTS_DIR)/spritKitTut.app/spritKitTut";
				FRAMEWORK_SEARCH_PATHS = (
					"$(SDKROOT)/Developer/Library/Frameworks",
					"$(inherited)",
					"$(DEVELOPER_FRAMEWORKS_DIR)",
				);
				GCC_PRECOMPILE_PREFIX_HEADER = YES;
				GCC_PREFIX_HEADER = "spritKitTut/spritKitTut-Prefix.pch";
				INFOPLIST_FILE = "spritKitTutTests/spritKitTutTests-Info.plist";
				IPHONEOS_DEPLOYMENT_TARGET = 6.1;
				PRODUCT_NAME = "$(TARGET_NAME)";
				TEST_HOST = "$(BUNDLE_LOADER)";
				WRAPPER_EXTENSION = xctest;
			};
			name = Release;
		};
/* End XCBuildConfiguration section */

/* Begin XCConfigurationList section */
		9C1B7727193CF67A00977B60 /* Build configuration list for PBXProject "spritKitTut" */ = {
			isa = XCConfigurationList;
			buildConfigurations = (
				9C1B7763193CF67A00977B60 /* Debug */,
				9C1B7764193CF67A00977B60 /* Release */,
			);
			defaultConfigurationIsVisible = 0;
			defaultConfigurationName = Release;
		};
		9C1B7765193CF67A00977B60 /* Build configuration list for PBXNativeTarget "spritKitTut" */ = {
			isa = XCConfigurationList;
			buildConfigurations = (
				9C1B7766193CF67A00977B60 /* Debug */,
				9C1B7767193CF67A00977B60 /* Release */,
			);
			defaultConfigurationIsVisible = 0;
			defaultConfigurationName = Release;
		};
		9C1B7768193CF67A00977B60 /* Build configuration list for PBXNativeTarget "spritKitTutTests" */ = {
			isa = XCConfigurationList;
			buildConfigurations = (
				9C1B7769193CF67A00977B60 /* Debug */,
				9C1B776A193CF67A00977B60 /* Release */,
			);
			defaultConfigurationIsVisible = 0;
			defaultConfigurationName = Release;
		};
/* End XCConfigurationList section */
	};
	rootObject = 9C1B7724193CF67A00977B60 /* Project object */;
}
